<?xml version="1.0" encoding="utf-8"?>
<Project ToolsVersion="4.0" xmlns="http://schemas.microsoft.com/developer/msbuild/2003">
  <ItemGroup>
    <Filter Include="Source Files">
      <UniqueIdentifier>{4FC737F1-C7A5-4376-A066-2A32D752A2FF}</UniqueIdentifier>
      <Extensions>cpp;c;cc;cxx;c++;cppm;ixx;def;odl;idl;hpj;bat;asm;asmx</Extensions>
    </Filter>
    <Filter Include="Resource Files">
      <UniqueIdentifier>{67DA6AB6-F800-4c08-8B7A-83BB121AAD01}</UniqueIdentifier>
      <Extensions>rc;ico;cur;bmp;dlg;rc2;rct;bin;rgs;gif;jpg;jpeg;jpe;resx;tiff;tif;png;wav;mfcribbon-ms</Extensions>
    </Filter>
    <Filter Include="State">
      <UniqueIdentifier>{600d39f7-3295-43a0-85c7-a09b70b004c2}</UniqueIdentifier>
    </Filter>
    <Filter Include="Entity">
      <UniqueIdentifier>{4bc8b55a-38fc-4b7d-8093-2e606918d7f4}</UniqueIdentifier>
    </Filter>
    <Filter Include="Component">
      <UniqueIdentifier>{8ab33075-7f87-441c-a3a3-b48862d53b99}</UniqueIdentifier>
    </Filter>
    <Filter Include="GUI">
      <UniqueIdentifier>{ae14709d-21cf-4df9-9fd8-19733893f7fd}</UniqueIdentifier>
    </Filter>
    <Filter Include="Map">
      <UniqueIdentifier>{a7ba1de3-1bb4-4739-b73d-b18f15adc5dc}</UniqueIdentifier>
    </Filter>
    <Filter Include="Items">
      <UniqueIdentifier>{586de038-4d3a-46e3-b146-a263d43148cf}</UniqueIdentifier>
    </Filter>
    <Filter Include="Map\Tile">
      <UniqueIdentifier>{b871d431-e738-4984-9ee2-63d87d25177b}</UniqueIdentifier>
    </Filter>
    <Filter Include="State\Editor Mode">
      <UniqueIdentifier>{1b5490c6-15cb-4a89-9cc5-93a14a8d07c8}</UniqueIdentifier>
    </Filter>
    <Filter Include="Source Files\Header Files">
      <UniqueIdentifier>{93995380-89BD-4b04-88EB-625FBE52EBFB}</UniqueIdentifier>
      <Extensions>h;hh;hpp;hxx;h++;hm;inl;inc;ipp;xsd</Extensions>
    </Filter>
    <Filter Include="Entity\Enemy">
      <UniqueIdentifier>{a9d91e82-b087-4b64-bf5f-2fe0b6174d37}</UniqueIdentifier>
    </Filter>
    <Filter Include="Items\Weapon">
      <UniqueIdentifier>{7c5b9e95-5f21-4583-a881-71267b367fba}</UniqueIdentifier>
    </Filter>
    <Filter Include="Items\Weapon\Melee">
      <UniqueIdentifier>{9a9fc913-c6e4-475e-9145-add55380f576}</UniqueIdentifier>
    </Filter>
    <Filter Include="Items\Weapon\Range">
      <UniqueIdentifier>{dbf22d89-7f11-4c71-9e4d-74861705c76f}</UniqueIdentifier>
    </Filter>
  </ItemGroup>
  <ItemGroup>
    <ClCompile Include="main.cpp">
      <Filter>Source Files</Filter>
    </ClCompile>
    <ClCompile Include="Game.cpp">
      <Filter>Source Files</Filter>
    </ClCompile>
    <ClCompile Include="State.cpp">
      <Filter>State</Filter>
    </ClCompile>
    <ClCompile Include="GameState.cpp">
      <Filter>State</Filter>
    </ClCompile>
    <ClCompile Include="Entity.cpp">
      <Filter>Entity</Filter>
    </ClCompile>
    <ClCompile Include="MainMenuState.cpp">
      <Filter>State</Filter>
    </ClCompile>
    <ClCompile Include="MovementComponent.cpp">
      <Filter>Component</Filter>
    </ClCompile>
    <ClCompile Include="Player.cpp">
      <Filter>Entity</Filter>
    </ClCompile>
    <ClCompile Include="AnimationComponent.cpp">
      <Filter>Component</Filter>
    </ClCompile>
    <ClCompile Include="EditorState.cpp">
      <Filter>State</Filter>
    </ClCompile>
    <ClCompile Include="HitboxComponent.cpp">
      <Filter>Component</Filter>
    </ClCompile>
    <ClCompile Include="Tile.cpp">
      <Filter>Map\Tile</Filter>
    </ClCompile>
    <ClCompile Include="PauseMenu.cpp">
      <Filter>GUI</Filter>
    </ClCompile>
    <ClCompile Include="SettingState.cpp">
      <Filter>State</Filter>
    </ClCompile>
    <ClCompile Include="Gui.cpp">
      <Filter>GUI</Filter>
    </ClCompile>
    <ClCompile Include="TileMap.cpp">
      <Filter>Map</Filter>
    </ClCompile>
    <ClCompile Include="stdafx.cpp">
      <Filter>Source Files</Filter>
    </ClCompile>
    <ClCompile Include="AttributeComponent.cpp">
      <Filter>Component</Filter>
    </ClCompile>
    <ClCompile Include="PlayerGUI.cpp">
      <Filter>GUI</Filter>
    </ClCompile>
    <ClCompile Include="Item.cpp">
      <Filter>Items</Filter>
    </ClCompile>
    <ClCompile Include="Melee.cpp">
      <Filter>Items\Weapon\Melee</Filter>
    </ClCompile>
    <ClCompile Include="Sword.cpp">
      <Filter>Items\Weapon\Melee</Filter>
    </ClCompile>
    <ClCompile Include="Ranged.cpp">
      <Filter>Items\Weapon\Range</Filter>
    </ClCompile>
    <ClCompile Include="Bow.cpp">
      <Filter>Items\Weapon\Range</Filter>
    </ClCompile>
    <ClCompile Include="SkillComponent.cpp">
      <Filter>Component</Filter>
    </ClCompile>
    <ClCompile Include="EnemySpawner.cpp">
      <Filter>Map\Tile</Filter>
    </ClCompile>
    <ClCompile Include="EditorMode.cpp">
      <Filter>State\Editor Mode</Filter>
    </ClCompile>
    <ClCompile Include="DefaultMode.cpp">
      <Filter>State\Editor Mode</Filter>
    </ClCompile>
    <ClCompile Include="EnemyMode.cpp">
      <Filter>State\Editor Mode</Filter>
    </ClCompile>
    <ClCompile Include="Enemy.cpp">
      <Filter>Entity\Enemy</Filter>
    </ClCompile>
    <ClCompile Include="Orc.cpp">
      <Filter>Entity\Enemy</Filter>
    </ClCompile>
    <ClCompile Include="RegularTile.cpp">
      <Filter>Map\Tile</Filter>
    </ClCompile>
    <ClCompile Include="EnemySystem.cpp">
      <Filter>Entity\Enemy</Filter>
    </ClCompile>
    <ClCompile Include="Inventory.cpp">
      <Filter>Items</Filter>
    </ClCompile>
    <ClCompile Include="Weapon.cpp">
      <Filter>Items\Weapon</Filter>
    </ClCompile>
    <ClCompile Include="TextTagSystem.cpp">
      <Filter>GUI</Filter>
    </ClCompile>
  </ItemGroup>
  <ItemGroup>
    <ClInclude Include="Game.h">
      <Filter>Source Files\Header Files</Filter>
    </ClInclude>
    <ClInclude Include="State.h">
      <Filter>State</Filter>
    </ClInclude>
    <ClInclude Include="GameState.h">
      <Filter>State</Filter>
    </ClInclude>
    <ClInclude Include="Entity.h">
      <Filter>Entity</Filter>
    </ClInclude>
    <ClInclude Include="MainMenuState.h">
      <Filter>State</Filter>
    </ClInclude>
    <ClInclude Include="MovementComponent.h">
      <Filter>Component</Filter>
    </ClInclude>
    <ClInclude Include="Player.h">
      <Filter>Entity</Filter>
    </ClInclude>
    <ClInclude Include="AnimationComponent.h">
      <Filter>Component</Filter>
    </ClInclude>
    <ClInclude Include="EditorState.h">
      <Filter>State</Filter>
    </ClInclude>
    <ClInclude Include="HitboxComponent.h">
      <Filter>Component</Filter>
    </ClInclude>
    <ClInclude Include="Tile.h">
      <Filter>Map\Tile</Filter>
    </ClInclude>
    <ClInclude Include="PauseMenu.h">
      <Filter>GUI</Filter>
    </ClInclude>
    <ClInclude Include="SettingState.h">
      <Filter>State</Filter>
    </ClInclude>
    <ClInclude Include="Gui.h">
      <Filter>GUI</Filter>
    </ClInclude>
    <ClInclude Include="TileMap.h">
      <Filter>Map</Filter>
    </ClInclude>
    <ClInclude Include="stdafx.h">
      <Filter>Source Files\Header Files</Filter>
    </ClInclude>
    <ClInclude Include="AttributeComponent.h">
      <Filter>Component</Filter>
    </ClInclude>
    <ClInclude Include="PlayerGUI.h">
      <Filter>GUI</Filter>
    </ClInclude>
    <ClInclude Include="Item.h">
      <Filter>Items</Filter>
    </ClInclude>
    <ClInclude Include="Melee.h">
      <Filter>Items\Weapon\Melee</Filter>
    </ClInclude>
    <ClInclude Include="Sword.h">
      <Filter>Items\Weapon\Melee</Filter>
    </ClInclude>
    <ClInclude Include="Ranged.h">
      <Filter>Items\Weapon\Range</Filter>
    </ClInclude>
    <ClInclude Include="Bow.h">
      <Filter>Items\Weapon\Range</Filter>
    </ClInclude>
    <ClInclude Include="SkillComponent.h">
      <Filter>Component</Filter>
    </ClInclude>
    <ClInclude Include="EnemySpawner.h">
      <Filter>Map\Tile</Filter>
    </ClInclude>
    <ClInclude Include="EditorMode.h">
      <Filter>State\Editor Mode</Filter>
    </ClInclude>
    <ClInclude Include="DefaultMode.h">
      <Filter>State\Editor Mode</Filter>
    </ClInclude>
    <ClInclude Include="EnemyMode.h">
      <Filter>State\Editor Mode</Filter>
    </ClInclude>
    <ClInclude Include="Enemy.h">
      <Filter>Entity\Enemy</Filter>
    </ClInclude>
    <ClInclude Include="Orc.h">
      <Filter>Entity\Enemy</Filter>
    </ClInclude>
    <ClInclude Include="RegularTile.h">
      <Filter>Map\Tile</Filter>
    </ClInclude>
    <ClInclude Include="EnemySystem.h">
      <Filter>Entity\Enemy</Filter>
    </ClInclude>
    <ClInclude Include="Inventory.h">
      <Filter>Items</Filter>
    </ClInclude>
    <ClInclude Include="ItemInclude.h">
      <Filter>Items</Filter>
    </ClInclude>
    <ClInclude Include="Weapon.h">
      <Filter>Items\Weapon</Filter>
    </ClInclude>
    <ClInclude Include="TextTagSystem.h">
      <Filter>GUI</Filter>
    </ClInclude>
  </ItemGroup>
  <ItemGroup>
    <None Include="vertex_shader.vert">
      <Filter>Source Files</Filter>
    </None>
    <None Include="fragmentshader.frag">
      <Filter>Source Files</Filter>
    </None>
  </ItemGroup>
</Project>